
Microsoft Visual Studio Solution File, Format Version 12.00
Project("{FAE04EC0-301F-11D3-BF4B-00C04F79EFBC}") = "SpotiPED", "SpotiPED\SpotiPED.csproj", "{945B541F-B66B-4B25-92F4-EDC844BB816B}"
EndProject
Global
	GlobalSection(SolutionConfigurationPlatforms) = preSolution
		Debug|Any CPU = Debug|Any CPU
		Release|Any CPU = Release|Any CPU
	EndGlobalSection
	GlobalSection(ProjectConfigurationPlatforms) = postSolution
		{945B541F-B66B-4B25-92F4-EDC844BB816B}.Debug|Any CPU.ActiveCfg = Debug|Any CPU
		{945B541F-B66B-4B25-92F4-EDC844BB816B}.Debug|Any CPU.Build.0 = Debug|Any CPU
		{945B541F-B66B-4B25-92F4-EDC844BB816B}.Release|Any CPU.ActiveCfg = Release|Any CPU
		{945B541F-B66B-4B25-92F4-EDC844BB816B}.Release|Any CPU.Build.0 = Release|Any CPU
	EndGlobalSection
EndGlobal
